<?xml version="1.0" encoding="utf-8"?>
<Project ToolsVersion="4.0" xmlns="http://schemas.microsoft.com/developer/msbuild/2003">
  <ItemGroup>
    <ClCompile Include="MiniSoccer.cpp" />
    <ClCompile Include="Ball.cpp">
      <Filter>Components\Sources</Filter>
    </ClCompile>
    <ClCompile Include="Button.cpp">
      <Filter>Components\Sources</Filter>
    </ClCompile>
    <ClCompile Include="Gate.cpp">
      <Filter>Components\Sources</Filter>
    </ClCompile>
    <ClCompile Include="Map.cpp">
      <Filter>Components\Sources</Filter>
    </ClCompile>
    <ClCompile Include="Player.cpp">
      <Filter>Components\Sources</Filter>
    </ClCompile>
    <ClCompile Include="Point2D.cpp">
      <Filter>Components\Sources</Filter>
    </ClCompile>
    <ClCompile Include="Score.cpp">
      <Filter>Components\Sources</Filter>
    </ClCompile>
    <ClCompile Include="Collision.cpp">
      <Filter>Game\Sources</Filter>
    </ClCompile>
    <ClCompile Include="Game.cpp">
      <Filter>Game\Sources</Filter>
    </ClCompile>
    <ClCompile Include="Sound.cpp">
      <Filter>Game\Sources</Filter>
    </ClCompile>
    <ClCompile Include="TextureManager.cpp">
      <Filter>Game\Sources</Filter>
    </ClCompile>
    <ClCompile Include="Timer.cpp">
      <Filter>Game\Sources</Filter>
    </ClCompile>
  </ItemGroup>
  <ItemGroup>
    <ClInclude Include="Ball.h">
      <Filter>Components\Headers</Filter>
    </ClInclude>
    <ClInclude Include="Button.h">
      <Filter>Components\Headers</Filter>
    </ClInclude>
    <ClInclude Include="Gate.h">
      <Filter>Components\Headers</Filter>
    </ClInclude>
    <ClInclude Include="Map.h">
      <Filter>Components\Headers</Filter>
    </ClInclude>
    <ClInclude Include="Player.h">
      <Filter>Components\Headers</Filter>
    </ClInclude>
    <ClInclude Include="Point2D.h">
      <Filter>Components\Headers</Filter>
    </ClInclude>
    <ClInclude Include="Score.h">
      <Filter>Components\Headers</Filter>
    </ClInclude>
    <ClInclude Include="Collision.h">
      <Filter>Game\Headers</Filter>
    </ClInclude>
    <ClInclude Include="Game.h">
      <Filter>Game\Headers</Filter>
    </ClInclude>
    <ClInclude Include="Sound.h">
      <Filter>Game\Headers</Filter>
    </ClInclude>
    <ClInclude Include="TextureManager.h">
      <Filter>Game\Headers</Filter>
    </ClInclude>
    <ClInclude Include="Timer.h">
      <Filter>Game\Headers</Filter>
    </ClInclude>
  </ItemGroup>
  <ItemGroup>
    <Filter Include="Game">
      <UniqueIdentifier>{9015de93-bfec-4eb7-be5b-0bf739a01196}</UniqueIdentifier>
    </Filter>
    <Filter Include="Components">
      <UniqueIdentifier>{696ed2b5-b84d-4301-9a28-b0c195735917}</UniqueIdentifier>
    </Filter>
    <Filter Include="Components\Headers">
      <UniqueIdentifier>{0329f8f8-49da-44b9-8ee4-bdaab7268305}</UniqueIdentifier>
    </Filter>
    <Filter Include="Components\Sources">
      <UniqueIdentifier>{6dc1ba82-4068-4269-9d76-acecd8c4a6eb}</UniqueIdentifier>
    </Filter>
    <Filter Include="Game\Headers">
      <UniqueIdentifier>{41974ef3-5460-4ebf-8ff4-8d640fdad3a3}</UniqueIdentifier>
    </Filter>
    <Filter Include="Game\Sources">
      <UniqueIdentifier>{286512d8-cdb5-45b5-9062-51974f62a2ab}</UniqueIdentifier>
    </Filter>
  </ItemGroup>
</Project>